# THIS IS AN AUTOGENERATED FILE. DO NOT EDIT THIS FILE DIRECTLY.
# yarn lockfile v1


"@types/node@^17.0.38":
  "integrity" "sha512-5jY9RhV7c0Z4Jy09G+NIDTsCZ5G0L5n+Z+p+Y7t5VJHM30bgwzSjVtlcBxqAj+6L/swIlvtOSzr8rBk/aNyV2g=="
  "resolved" "https://registry.npmjs.org/@types/node/-/node-17.0.38.tgz"
  "version" "17.0.38"

"node-bin-setup@^1.0.0":
  "integrity" "sha512-pTeU6NgUrexiLNtd+AKwvg6cngHMvj5FZ5e2bbv2ogBSIc9yhkXSSaTScfSRZnwHIh5YFmYSYlemLWkiKD7rog=="
  "resolved" "https://registry.npmjs.org/node-bin-setup/-/node-bin-setup-1.1.0.tgz"
  "version" "1.1.0"

"node@^17.7.2":
  "integrity" "sha512-1hLwQfuA39nUDxCTwKqS8l27E9OEzfAdK5xU4Wcr3h2FrQao6qWNnurgWn4GJn9g6tfHuuupyrBl1lvMLNnecw=="
  "resolved" "https://registry.npmjs.org/node/-/node-17.7.2.tgz"
  "version" "17.7.2"
  dependencies:
    "node-bin-setup" "^1.0.0"

"typescript@^4.7.2":
  "integrity" "sha512-Mamb1iX2FDUpcTRzltPxgWMKy3fhg0TN378ylbktPGPK/99KbDtMQ4W1hwgsbPAsG3a0xKa1vmw4VKZQbkvz5A=="
  "resolved" "https://registry.npmjs.org/typescript/-/typescript-4.7.2.tgz"
  "version" "4.7.2"
